
Microsoft Visual Studio Solution File, Format Version 12.00
# Visual Studio Version 17
VisualStudioVersion = 17.3.32811.315
MinimumVisualStudioVersion = 10.0.40219.1
Project("{8BC9CEB8-8B4A-11D0-8D11-00A0C91BC942}") = "Git test", "Git test\Git test.vcxproj", "{48CAFB66-6BED-4D17-9853-7F4F5E9EBCA1}"
EndProject
Global
	GlobalSection(SolutionConfigurationPlatforms) = preSolution
		Debug|x64 = Debug|x64
		Debug|x86 = Debug|x86
		Release|x64 = Release|x64
		Release|x86 = Release|x86
	EndGlobalSection
	GlobalSection(ProjectConfigurationPlatforms) = postSolution
		{48CAFB66-6BED-4D17-9853-7F4F5E9EBCA1}.Debug|x64.ActiveCfg = Debug|x64
		{48CAFB66-6BED-4D17-9853-7F4F5E9EBCA1}.Debug|x64.Build.0 = Debug|x64
		{48CAFB66-6BED-4D17-9853-7F4F5E9EBCA1}.Debug|x86.ActiveCfg = Debug|Win32
		{48CAFB66-6BED-4D17-9853-7F4F5E9EBCA1}.Debug|x86.Build.0 = Debug|Win32
		{48CAFB66-6BED-4D17-9853-7F4F5E9EBCA1}.Release|x64.ActiveCfg = Release|x64
		{48CAFB66-6BED-4D17-9853-7F4F5E9EBCA1}.Release|x64.Build.0 = Release|x64
		{48CAFB66-6BED-4D17-9853-7F4F5E9EBCA1}.Release|x86.ActiveCfg = Release|Win32
		{48CAFB66-6BED-4D17-9853-7F4F5E9EBCA1}.Release|x86.Build.0 = Release|Win32
	EndGlobalSection
	GlobalSection(SolutionProperties) = preSolution
		HideSolutionNode = FALSE
	EndGlobalSection
	GlobalSection(ExtensibilityGlobals) = postSolution
		SolutionGuid = {59921387-543F-4671-9367-07B872724D55}
	EndGlobalSection
EndGlobal
